{
  "projects": [
    {
      "projectId": "seaQhLVS4bbjiGvJJrRwyL",
      "version": "15.0.3",
      "dependencies": {},
      "lang": "ts",
      "fileLocks": [
        {
          "assetId": "seaQhLVS4bbjiGvJJrRwyL",
          "type": "projectCss",
          "checksum": "dc88471beadb978e51eb3ceb75d10fdb"
        }
      ]
    },
    {
      "projectId": "dd53smoB9V3esAu5mdCJqk",
      "version": "latest",
      "dependencies": {
        "seaQhLVS4bbjiGvJJrRwyL": "15.0.3"
      },
      "lang": "ts",
      "fileLocks": [
        {
          "type": "globalVariant",
          "assetId": "MHREP1FHHzFB5i",
          "checksum": "aaaea66cf61f48a439dd77705c461094"
        },
        {
          "assetId": "dd53smoB9V3esAu5mdCJqk",
          "type": "projectCss",
          "checksum": "2b0df0817eeae1b9535bc86036bd4fc7"
        },
        {
          "type": "renderModule",
          "assetId": "JSnj8wjDUXCyz",
          "checksum": "21533a40ef7d3b52dc9033c5806b0cfd"
        },
        {
          "type": "cssRules",
          "assetId": "JSnj8wjDUXCyz",
          "checksum": "21533a40ef7d3b52dc9033c5806b0cfd"
        },
        {
          "type": "renderModule",
          "assetId": "Fkclzo8ktuhxm",
          "checksum": "e7a74de67c4337adf284da3a1a58f04f"
        },
        {
          "type": "cssRules",
          "assetId": "Fkclzo8ktuhxm",
          "checksum": "e7a74de67c4337adf284da3a1a58f04f"
        },
        {
          "type": "renderModule",
          "assetId": "Ysu7-7eCIcFRC",
          "checksum": "c1caaa5da3cbf229c0984b0c2cbeb75f"
        },
        {
          "type": "cssRules",
          "assetId": "Ysu7-7eCIcFRC",
          "checksum": "c1caaa5da3cbf229c0984b0c2cbeb75f"
        },
        {
          "type": "renderModule",
          "assetId": "klFU1caRKOswr",
          "checksum": "eb3f161833d03ecb379819641cc19372"
        },
        {
          "type": "cssRules",
          "assetId": "klFU1caRKOswr",
          "checksum": "eb3f161833d03ecb379819641cc19372"
        },
        {
          "type": "renderModule",
          "assetId": "r3340iALDPrai",
          "checksum": "679f1b57641a341215d7daf53888f2b0"
        },
        {
          "type": "cssRules",
          "assetId": "r3340iALDPrai",
          "checksum": "679f1b57641a341215d7daf53888f2b0"
        },
        {
          "type": "renderModule",
          "assetId": "x21pqtZY6006z",
          "checksum": "25cd445a382764f4a91133eba59b088e"
        },
        {
          "type": "cssRules",
          "assetId": "x21pqtZY6006z",
          "checksum": "25cd445a382764f4a91133eba59b088e"
        },
        {
          "type": "renderModule",
          "assetId": "u811q6vKhqc5P",
          "checksum": "cc00b96d61b2890afbbd3da28d22652d"
        },
        {
          "type": "cssRules",
          "assetId": "u811q6vKhqc5P",
          "checksum": "cc00b96d61b2890afbbd3da28d22652d"
        },
        {
          "type": "renderModule",
          "assetId": "yRGZnZOGu0hId",
          "checksum": "4eac6c30bce7694fc70f99c6a1162851"
        },
        {
          "type": "cssRules",
          "assetId": "yRGZnZOGu0hId",
          "checksum": "4eac6c30bce7694fc70f99c6a1162851"
        },
        {
          "type": "renderModule",
          "assetId": "1hrh0iVzho4Vh",
          "checksum": "1efe471ed760e846c6c4bcaba262e9e7"
        },
        {
          "type": "cssRules",
          "assetId": "1hrh0iVzho4Vh",
          "checksum": "1efe471ed760e846c6c4bcaba262e9e7"
        },
        {
          "type": "renderModule",
          "assetId": "UnnysL_QxzvRKH",
          "checksum": "54631124243bd3cd6b2a9731099bf3c6"
        },
        {
          "type": "cssRules",
          "assetId": "UnnysL_QxzvRKH",
          "checksum": "54631124243bd3cd6b2a9731099bf3c6"
        },
        {
          "type": "renderModule",
          "assetId": "Qjd769IB-Mpo39",
          "checksum": "117bf02e53f2efd4f722b4d98a74ae03"
        },
        {
          "type": "cssRules",
          "assetId": "Qjd769IB-Mpo39",
          "checksum": "117bf02e53f2efd4f722b4d98a74ae03"
        },
        {
          "type": "renderModule",
          "assetId": "iQCFBlCyGsodp5",
          "checksum": "e39d154b0bfcfeb41eeedc0cf4156d79"
        },
        {
          "type": "cssRules",
          "assetId": "iQCFBlCyGsodp5",
          "checksum": "e39d154b0bfcfeb41eeedc0cf4156d79"
        },
        {
          "type": "renderModule",
          "assetId": "3e3MKolv6lrxUO",
          "checksum": "47cc12114ec96238d6b33a63846373a5"
        },
        {
          "type": "cssRules",
          "assetId": "3e3MKolv6lrxUO",
          "checksum": "47cc12114ec96238d6b33a63846373a5"
        },
        {
          "type": "renderModule",
          "assetId": "fkmxQq5EWmYolD",
          "checksum": "956b17ee7e6339ae4013cb5c6edf22d5"
        },
        {
          "type": "cssRules",
          "assetId": "fkmxQq5EWmYolD",
          "checksum": "956b17ee7e6339ae4013cb5c6edf22d5"
        },
        {
          "type": "renderModule",
          "assetId": "rAQW-xj1ccUHnm",
          "checksum": "e120da108cacaa5c163ce781bd591b9f"
        },
        {
          "type": "cssRules",
          "assetId": "rAQW-xj1ccUHnm",
          "checksum": "e120da108cacaa5c163ce781bd591b9f"
        },
        {
          "type": "renderModule",
          "assetId": "5eobQk2NlPo3sb",
          "checksum": "83af7e52ca9c41e8238c745343324816"
        },
        {
          "type": "cssRules",
          "assetId": "5eobQk2NlPo3sb",
          "checksum": "83af7e52ca9c41e8238c745343324816"
        },
        {
          "type": "renderModule",
          "assetId": "HWw3RfCVnAlYKE",
          "checksum": "eea1ac14df350048ed22aef7d05d84d2"
        },
        {
          "type": "cssRules",
          "assetId": "HWw3RfCVnAlYKE",
          "checksum": "eea1ac14df350048ed22aef7d05d84d2"
        },
        {
          "type": "icon",
          "assetId": "OrjVhjwK_lsh73",
          "checksum": "8a15c4a174aa5cdf868939b50f071d5b"
        },
        {
          "type": "icon",
          "assetId": "b6cWf5NKlKik9F",
          "checksum": "ecef210f51cc264c0e7bb61500a89b52"
        },
        {
          "type": "icon",
          "assetId": "wZwhNz89ji_230",
          "checksum": "552fa7464bcf5984a1bf62145882b566"
        },
        {
          "type": "icon",
          "assetId": "KGBX9DTpaRljxM",
          "checksum": "a7b350903f2efb47f326c80c68a7ead4"
        },
        {
          "type": "icon",
          "assetId": "ZmkdbTo5oSp8R9",
          "checksum": "f7bbac94b6206f13e77e1e11d78a1f9a"
        },
        {
          "type": "icon",
          "assetId": "eR7NFogVjA2NtV",
          "checksum": "aabe1648f90132eb96c1835f27c67cdf"
        },
        {
          "type": "icon",
          "assetId": "a7WRTH0h14x2cv",
          "checksum": "4fdbee5e9441b790b03b83ef13c88cea"
        },
        {
          "type": "icon",
          "assetId": "_asvv_-q-zpPtU",
          "checksum": "131fbb5b2bfcd7887ae4a38570a55b83"
        },
        {
          "type": "icon",
          "assetId": "oZb9CPIBVsliSQ",
          "checksum": "7f8cf82ae54e65ca9975fa9dca9d933f"
        },
        {
          "type": "icon",
          "assetId": "hO0u5tzls8CuL6",
          "checksum": "25dcbf271efc8713573648e9b755ea44"
        },
        {
          "type": "icon",
          "assetId": "RWEhiWJZbS9zBV",
          "checksum": "58b13945e88abbcccc61f1332b651e04"
        },
        {
          "type": "icon",
          "assetId": "q5hYz_C6c_J-k5",
          "checksum": "5bbc57b1355bd4a6478859f2625cd100"
        },
        {
          "type": "icon",
          "assetId": "BdPqRBSGcYIqUr",
          "checksum": "430ca3b7aaa19327b16247acc9835a2c"
        },
        {
          "type": "icon",
          "assetId": "joeHXcUtOG3Qzd",
          "checksum": "4d005399bc0ebec638b68bd66590ca1b"
        },
        {
          "type": "icon",
          "assetId": "zs-mUW8YNWZqUT",
          "checksum": "7f805b1ef52aa8772c2b7b80881ae7d7"
        },
        {
          "type": "icon",
          "assetId": "DjvrzRNDIK2bD3",
          "checksum": "f04366143a274c702a10aff1e675f300"
        },
        {
          "type": "icon",
          "assetId": "FOtMj_WbhGrJDa",
          "checksum": "4864bcaca9c0d0d779e164d70dc8499d"
        },
        {
          "type": "icon",
          "assetId": "1mGyuOKyieHLGd",
          "checksum": "e582e58e7ac18f3c16253abebc149092"
        },
        {
          "type": "icon",
          "assetId": "H38tBp7PsMbxPW",
          "checksum": "c0d8adbd7375a5feaf36d19823324005"
        },
        {
          "type": "image",
          "assetId": "CM08_QkM28Cbba",
          "checksum": "776819960dcff469b8736e1233f4f17e"
        },
        {
          "type": "image",
          "assetId": "XmoBOmr7Fo2Agd",
          "checksum": "5499e398ffc1995c607c6d26ee2779a4"
        },
        {
          "type": "image",
          "assetId": "iJUi-TWn3MR8qQ",
          "checksum": "d5c5c3018dd6644c885c7af1be77e3b6"
        },
        {
          "type": "image",
          "assetId": "k0iBjGvABIl540",
          "checksum": "2f6d1518cc778ed81744c3eb9690ee78"
        }
      ]
    }
  ],
  "cliVersion": "0.1.137"
}
